# This file is automatically @generated by Poetry 1.4.2 and should not be changed by hand.

[[package]]
name = "astroid"
version = "3.0.1"
description = "An abstract syntax tree for Python with inference support."
category = "dev"
optional = false
python-versions = ">=3.8.0"
files = [
    {file = "astroid-3.0.1-py3-none-any.whl", hash = "sha256:7d5895c9825e18079c5aeac0572bc2e4c83205c95d416e0b4fee8bc361d2d9ca"},
    {file = "astroid-3.0.1.tar.gz", hash = "sha256:86b0bb7d7da0be1a7c4aedb7974e391b32d4ed89e33de6ed6902b4b15c97577e"},
]

[[package]]
name = "black"
version = "23.11.0"
description = "The uncompromising code formatter."
category = "dev"
optional = false
python-versions = ">=3.8"
files = [
    {file = "black-23.11.0-cp310-cp310-macosx_10_9_x86_64.whl", hash = "sha256:dbea0bb8575c6b6303cc65017b46351dc5953eea5c0a59d7b7e3a2d2f433a911"},
    {file = "black-23.11.0-cp310-cp310-macosx_11_0_arm64.whl", hash = "sha256:412f56bab20ac85927f3a959230331de5614aecda1ede14b373083f62ec24e6f"},
    {file = "black-23.11.0-cp310-cp310-manylinux_2_17_x86_64.manylinux2014_x86_64.whl", hash = "sha256:d136ef5b418c81660ad847efe0e55c58c8208b77a57a28a503a5f345ccf01394"},
    {file = "black-23.11.0-cp310-cp310-win_amd64.whl", hash = "sha256:6c1cac07e64433f646a9a838cdc00c9768b3c362805afc3fce341af0e6a9ae9f"},
    {file = "black-23.11.0-cp311-cp311-macosx_10_9_x86_64.whl", hash = "sha256:cf57719e581cfd48c4efe28543fea3d139c6b6f1238b3f0102a9c73992cbb479"},
    {file = "black-23.11.0-cp311-cp311-macosx_11_0_arm64.whl", hash = "sha256:698c1e0d5c43354ec5d6f4d914d0d553a9ada56c85415700b81dc90125aac244"},
    {file = "black-23.11.0-cp311-cp311-manylinux_2_17_x86_64.manylinux2014_x86_64.whl", hash = "sha256:760415ccc20f9e8747084169110ef75d545f3b0932ee21368f63ac0fee86b221"},
    {file = "black-23.11.0-cp311-cp311-win_amd64.whl", hash = "sha256:58e5f4d08a205b11800332920e285bd25e1a75c54953e05502052738fe16b3b5"},
    {file = "black-23.11.0-cp38-cp38-macosx_10_9_x86_64.whl", hash = "sha256:45aa1d4675964946e53ab81aeec7a37613c1cb71647b5394779e6efb79d6d187"},
    {file = "black-23.11.0-cp38-cp38-macosx_11_0_arm64.whl", hash = "sha256:4c44b7211a3a0570cc097e81135faa5f261264f4dfaa22bd5ee2875a4e773bd6"},
    {file = "black-23.11.0-cp38-cp38-manylinux_2_17_x86_64.manylinux2014_x86_64.whl", hash = "sha256:2a9acad1451632021ee0d146c8765782a0c3846e0e0ea46659d7c4f89d9b212b"},
    {file = "black-23.11.0-cp38-cp38-win_amd64.whl", hash = "sha256:fc7f6a44d52747e65a02558e1d807c82df1d66ffa80a601862040a43ec2e3142"},
    {file = "black-23.11.0-cp39-cp39-macosx_10_9_x86_64.whl", hash = "sha256:7f622b6822f02bfaf2a5cd31fdb7cd86fcf33dab6ced5185c35f5db98260b055"},
    {file = "black-23.11.0-cp39-cp39-macosx_11_0_arm64.whl", hash = "sha256:250d7e60f323fcfc8ea6c800d5eba12f7967400eb6c2d21ae85ad31c204fb1f4"},
    {file = "black-23.11.0-cp39-cp39-manylinux_2_17_x86_64.manylinux2014_x86_64.whl", hash = "sha256:5133f5507007ba08d8b7b263c7aa0f931af5ba88a29beacc4b2dc23fcefe9c06"},
    {file = "black-23.11.0-cp39-cp39-win_amd64.whl", hash = "sha256:421f3e44aa67138ab1b9bfbc22ee3780b22fa5b291e4db8ab7eee95200726b07"},
    {file = "black-23.11.0-py3-none-any.whl", hash = "sha256:54caaa703227c6e0c87b76326d0862184729a69b73d3b7305b6288e1d830067e"},
    {file = "black-23.11.0.tar.gz", hash = "sha256:4c68855825ff432d197229846f971bc4d6666ce90492e5b02013bcaca4d9ab05"},
]

[package.dependencies]
click = ">=8.0.0"
mypy-extensions = ">=0.4.3"
packaging = ">=22.0"
pathspec = ">=0.9.0"
platformdirs = ">=2"

[package.extras]
colorama = ["colorama (>=0.4.3)"]
d = ["aiohttp (>=3.7.4)"]
jupyter = ["ipython (>=7.8.0)", "tokenize-rt (>=3.2.0)"]
uvloop = ["uvloop (>=0.15.2)"]

[[package]]
name = "click"
version = "8.1.7"
description = "Composable command line interface toolkit"
category = "dev"
optional = false
python-versions = ">=3.7"
files = [
    {file = "click-8.1.7-py3-none-any.whl", hash = "sha256:ae74fb96c20a0277a1d615f1e4d73c8414f5a98db8b799a7931d1582f3390c28"},
    {file = "click-8.1.7.tar.gz", hash = "sha256:ca9853ad459e787e2192211578cc907e7594e294c7ccc834310722b41b9ca6de"},
]

[package.dependencies]
colorama = {version = "*", markers = "platform_system == \"Windows\""}

[[package]]
name = "colorama"
version = "0.4.6"
description = "Cross-platform colored terminal text."
category = "dev"
optional = false
python-versions = "!=3.0.*,!=3.1.*,!=3.2.*,!=3.3.*,!=3.4.*,!=3.5.*,!=3.6.*,>=2.7"
files = [
    {file = "colorama-0.4.6-py2.py3-none-any.whl", hash = "sha256:4f1d9991f5acc0ca119f9d443620b77f9d6b33703e51011c16baf57afb285fc6"},
    {file = "colorama-0.4.6.tar.gz", hash = "sha256:08695f5cb7ed6e0531a20572697297273c47b8cae5a63ffc6d6ed5c201be6e44"},
]

[[package]]
name = "dill"
version = "0.3.7"
description = "serialize all of Python"
category = "dev"
optional = false
python-versions = ">=3.7"
files = [
    {file = "dill-0.3.7-py3-none-any.whl", hash = "sha256:76b122c08ef4ce2eedcd4d1abd8e641114bfc6c2867f49f3c41facf65bf19f5e"},
    {file = "dill-0.3.7.tar.gz", hash = "sha256:cc1c8b182eb3013e24bd475ff2e9295af86c1a38eb1aff128dac8962a9ce3c03"},
]

[package.extras]
graph = ["objgraph (>=1.7.2)"]

[[package]]
name = "docstring-to-markdown"
version = "0.13"
description = "On the fly conversion of Python docstrings to markdown"
category = "dev"
optional = false
python-versions = ">=3.6"
files = [
    {file = "docstring-to-markdown-0.13.tar.gz", hash = "sha256:3025c428638ececae920d6d26054546a20335af3504a145327e657e7ad7ce1ce"},
    {file = "docstring_to_markdown-0.13-py3-none-any.whl", hash = "sha256:aa487059d0883e70e54da25c7b230e918d9e4d40f23d6dfaa2b73e4225b2d7dd"},
]

[[package]]
name = "isort"
version = "5.12.0"
description = "A Python utility / library to sort Python imports."
category = "dev"
optional = false
python-versions = ">=3.8.0"
files = [
    {file = "isort-5.12.0-py3-none-any.whl", hash = "sha256:f84c2818376e66cf843d497486ea8fed8700b340f308f076c6fb1229dff318b6"},
    {file = "isort-5.12.0.tar.gz", hash = "sha256:8bef7dde241278824a6d83f44a544709b065191b95b6e50894bdc722fcba0504"},
]

[package.extras]
colors = ["colorama (>=0.4.3)"]
pipfile-deprecated-finder = ["pip-shims (>=0.5.2)", "pipreqs", "requirementslib"]
plugins = ["setuptools"]
requirements-deprecated-finder = ["pip-api", "pipreqs"]

[[package]]
name = "jedi"
version = "0.19.1"
description = "An autocompletion tool for Python that can be used for text editors."
category = "dev"
optional = false
python-versions = ">=3.6"
files = [
    {file = "jedi-0.19.1-py2.py3-none-any.whl", hash = "sha256:e983c654fe5c02867aef4cdfce5a2fbb4a50adc0af145f70504238f18ef5e7e0"},
    {file = "jedi-0.19.1.tar.gz", hash = "sha256:cf0496f3651bc65d7174ac1b7d043eff454892c708a87d1b683e57b569927ffd"},
]

[package.dependencies]
parso = ">=0.8.3,<0.9.0"

[package.extras]
docs = ["Jinja2 (==2.11.3)", "MarkupSafe (==1.1.1)", "Pygments (==2.8.1)", "alabaster (==0.7.12)", "babel (==2.9.1)", "chardet (==4.0.0)", "commonmark (==0.8.1)", "docutils (==0.17.1)", "future (==0.18.2)", "idna (==2.10)", "imagesize (==1.2.0)", "mock (==1.0.1)", "packaging (==20.9)", "pyparsing (==2.4.7)", "pytz (==2021.1)", "readthedocs-sphinx-ext (==2.1.4)", "recommonmark (==0.5.0)", "requests (==2.25.1)", "six (==1.15.0)", "snowballstemmer (==2.1.0)", "sphinx (==1.8.5)", "sphinx-rtd-theme (==0.4.3)", "sphinxcontrib-serializinghtml (==1.1.4)", "sphinxcontrib-websupport (==1.2.4)", "urllib3 (==1.26.4)"]
qa = ["flake8 (==5.0.4)", "mypy (==0.971)", "types-setuptools (==67.2.0.1)"]
testing = ["Django", "attrs", "colorama", "docopt", "pytest (<7.0.0)"]

[[package]]
name = "mccabe"
version = "0.7.0"
description = "McCabe checker, plugin for flake8"
category = "dev"
optional = false
python-versions = ">=3.6"
files = [
    {file = "mccabe-0.7.0-py2.py3-none-any.whl", hash = "sha256:6c2d30ab6be0e4a46919781807b4f0d834ebdd6c6e3dca0bda5a15f863427b6e"},
    {file = "mccabe-0.7.0.tar.gz", hash = "sha256:348e0240c33b60bbdf4e523192ef919f28cb2c3d7d5c7794f74009290f236325"},
]

[[package]]
name = "mypy-extensions"
version = "1.0.0"
description = "Type system extensions for programs checked with the mypy type checker."
category = "dev"
optional = false
python-versions = ">=3.5"
files = [
    {file = "mypy_extensions-1.0.0-py3-none-any.whl", hash = "sha256:4392f6c0eb8a5668a69e23d168ffa70f0be9ccfd32b5cc2d26a34ae5b844552d"},
    {file = "mypy_extensions-1.0.0.tar.gz", hash = "sha256:75dbf8955dc00442a438fc4d0666508a9a97b6bd41aa2f0ffe9d2f2725af0782"},
]

[[package]]
name = "packaging"
version = "23.2"
description = "Core utilities for Python packages"
category = "dev"
optional = false
python-versions = ">=3.7"
files = [
    {file = "packaging-23.2-py3-none-any.whl", hash = "sha256:8c491190033a9af7e1d931d0b5dacc2ef47509b34dd0de67ed209b5203fc88c7"},
    {file = "packaging-23.2.tar.gz", hash = "sha256:048fb0e9405036518eaaf48a55953c750c11e1a1b68e0dd1a9d62ed0c092cfc5"},
]

[[package]]
name = "parso"
version = "0.8.3"
description = "A Python Parser"
category = "dev"
optional = false
python-versions = ">=3.6"
files = [
    {file = "parso-0.8.3-py2.py3-none-any.whl", hash = "sha256:c001d4636cd3aecdaf33cbb40aebb59b094be2a74c556778ef5576c175e19e75"},
    {file = "parso-0.8.3.tar.gz", hash = "sha256:8c07be290bb59f03588915921e29e8a50002acaf2cdc5fa0e0114f91709fafa0"},
]

[package.extras]
qa = ["flake8 (==3.8.3)", "mypy (==0.782)"]
testing = ["docopt", "pytest (<6.0.0)"]

[[package]]
name = "pathspec"
version = "0.11.2"
description = "Utility library for gitignore style pattern matching of file paths."
category = "dev"
optional = false
python-versions = ">=3.7"
files = [
    {file = "pathspec-0.11.2-py3-none-any.whl", hash = "sha256:1d6ed233af05e679efb96b1851550ea95bbb64b7c490b0f5aa52996c11e92a20"},
    {file = "pathspec-0.11.2.tar.gz", hash = "sha256:e0d8d0ac2f12da61956eb2306b69f9469b42f4deb0f3cb6ed47b9cce9996ced3"},
]

[[package]]
name = "platformdirs"
version = "4.0.0"
description = "A small Python package for determining appropriate platform-specific dirs, e.g. a \"user data dir\"."
category = "dev"
optional = false
python-versions = ">=3.7"
files = [
    {file = "platformdirs-4.0.0-py3-none-any.whl", hash = "sha256:118c954d7e949b35437270383a3f2531e99dd93cf7ce4dc8340d3356d30f173b"},
    {file = "platformdirs-4.0.0.tar.gz", hash = "sha256:cb633b2bcf10c51af60beb0ab06d2f1d69064b43abf4c185ca6b28865f3f9731"},
]

[package.extras]
docs = ["furo (>=2023.7.26)", "proselint (>=0.13)", "sphinx (>=7.1.1)", "sphinx-autodoc-typehints (>=1.24)"]
test = ["appdirs (==1.4.4)", "covdefaults (>=2.3)", "pytest (>=7.4)", "pytest-cov (>=4.1)", "pytest-mock (>=3.11.1)"]

[[package]]
name = "pluggy"
version = "1.3.0"
description = "plugin and hook calling mechanisms for python"
category = "dev"
optional = false
python-versions = ">=3.8"
files = [
    {file = "pluggy-1.3.0-py3-none-any.whl", hash = "sha256:d89c696a773f8bd377d18e5ecda92b7a3793cbe66c87060a6fb58c7b6e1061f7"},
    {file = "pluggy-1.3.0.tar.gz", hash = "sha256:cf61ae8f126ac6f7c451172cf30e3e43d3ca77615509771b3a984a0730651e12"},
]

[package.extras]
dev = ["pre-commit", "tox"]
testing = ["pytest", "pytest-benchmark"]

[[package]]
name = "pylint"
version = "3.0.2"
description = "python code static checker"
category = "dev"
optional = false
python-versions = ">=3.8.0"
files = [
    {file = "pylint-3.0.2-py3-none-any.whl", hash = "sha256:60ed5f3a9ff8b61839ff0348b3624ceeb9e6c2a92c514d81c9cc273da3b6bcda"},
    {file = "pylint-3.0.2.tar.gz", hash = "sha256:0d4c286ef6d2f66c8bfb527a7f8a629009e42c99707dec821a03e1b51a4c1496"},
]

[package.dependencies]
astroid = ">=3.0.1,<=3.1.0-dev0"
colorama = {version = ">=0.4.5", markers = "sys_platform == \"win32\""}
dill = [
    {version = ">=0.3.6", markers = "python_version >= \"3.11\""},
    {version = ">=0.3.7", markers = "python_version >= \"3.12\""},
]
isort = ">=4.2.5,<6"
mccabe = ">=0.6,<0.8"
platformdirs = ">=2.2.0"
tomlkit = ">=0.10.1"

[package.extras]
spelling = ["pyenchant (>=3.2,<4.0)"]
testutils = ["gitpython (>3)"]

[[package]]
name = "python-lsp-jsonrpc"
version = "1.1.2"
description = "JSON RPC 2.0 server library"
category = "dev"
optional = false
python-versions = ">=3.8"
files = [
    {file = "python-lsp-jsonrpc-1.1.2.tar.gz", hash = "sha256:4688e453eef55cd952bff762c705cedefa12055c0aec17a06f595bcc002cc912"},
    {file = "python_lsp_jsonrpc-1.1.2-py3-none-any.whl", hash = "sha256:7339c2e9630ae98903fdaea1ace8c47fba0484983794d6aafd0bd8989be2b03c"},
]

[package.dependencies]
ujson = ">=3.0.0"

[package.extras]
test = ["coverage", "pycodestyle", "pyflakes", "pylint", "pytest", "pytest-cov"]

[[package]]
name = "python-lsp-server"
version = "1.9.0"
description = "Python Language Server for the Language Server Protocol"
category = "dev"
optional = false
python-versions = ">=3.8"
files = [
    {file = "python-lsp-server-1.9.0.tar.gz", hash = "sha256:dc0c8298f0222fd66a52aa3170f3a5c8fe3021007a02098bb72f7fd8df353d13"},
    {file = "python_lsp_server-1.9.0-py3-none-any.whl", hash = "sha256:6b947cf9dc33d7bed9abc936bb173140fcf606b6eb50cf02e27d4cb09f10d3fb"},
]

[package.dependencies]
docstring-to-markdown = "*"
jedi = ">=0.17.2,<0.20.0"
pluggy = ">=1.0.0"
python-lsp-jsonrpc = ">=1.1.0,<2.0.0"
ujson = ">=3.0.0"

[package.extras]
all = ["autopep8 (>=2.0.4,<2.1.0)", "flake8 (>=6.1.0,<7)", "mccabe (>=0.7.0,<0.8.0)", "pycodestyle (>=2.11.0,<2.12.0)", "pydocstyle (>=6.3.0,<6.4.0)", "pyflakes (>=3.1.0,<3.2.0)", "pylint (>=2.5.0,<3.1)", "rope (>1.2.0)", "whatthepatch (>=1.0.2,<2.0.0)", "yapf (>=0.33.0)"]
autopep8 = ["autopep8 (>=1.6.0,<2.1.0)"]
flake8 = ["flake8 (>=6.1.0,<7)"]
mccabe = ["mccabe (>=0.7.0,<0.8.0)"]
pycodestyle = ["pycodestyle (>=2.11.0,<2.12.0)"]
pydocstyle = ["pydocstyle (>=6.3.0,<6.4.0)"]
pyflakes = ["pyflakes (>=3.1.0,<3.2.0)"]
pylint = ["pylint (>=2.5.0,<3.1)"]
rope = ["rope (>1.2.0)"]
test = ["coverage", "flaky", "matplotlib", "numpy", "pandas", "pylint (>=2.5.0,<3.1)", "pyqt5", "pytest", "pytest-cov"]
websockets = ["websockets (>=10.3)"]
yapf = ["whatthepatch (>=1.0.2,<2.0.0)", "yapf (>=0.33.0)"]

[[package]]
name = "tomlkit"
version = "0.12.2"
description = "Style preserving TOML library"
category = "dev"
optional = false
python-versions = ">=3.7"
files = [
    {file = "tomlkit-0.12.2-py3-none-any.whl", hash = "sha256:eeea7ac7563faeab0a1ed8fe12c2e5a51c61f933f2502f7e9db0241a65163ad0"},
    {file = "tomlkit-0.12.2.tar.gz", hash = "sha256:df32fab589a81f0d7dc525a4267b6d7a64ee99619cbd1eeb0fae32c1dd426977"},
]

[[package]]
name = "ujson"
version = "5.8.0"
description = "Ultra fast JSON encoder and decoder for Python"
category = "dev"
optional = false
python-versions = ">=3.8"
files = [
    {file = "ujson-5.8.0-cp310-cp310-macosx_10_9_x86_64.whl", hash = "sha256:f4511560d75b15ecb367eef561554959b9d49b6ec3b8d5634212f9fed74a6df1"},
    {file = "ujson-5.8.0-cp310-cp310-macosx_11_0_arm64.whl", hash = "sha256:9399eaa5d1931a0ead49dce3ffacbea63f3177978588b956036bfe53cdf6af75"},
    {file = "ujson-5.8.0-cp310-cp310-manylinux_2_17_aarch64.manylinux2014_aarch64.whl", hash = "sha256:c4e7bb7eba0e1963f8b768f9c458ecb193e5bf6977090182e2b4f4408f35ac76"},
    {file = "ujson-5.8.0-cp310-cp310-manylinux_2_17_x86_64.manylinux2014_x86_64.whl", hash = "sha256:40931d7c08c4ce99adc4b409ddb1bbb01635a950e81239c2382cfe24251b127a"},
    {file = "ujson-5.8.0-cp310-cp310-manylinux_2_5_i686.manylinux1_i686.manylinux_2_17_i686.manylinux2014_i686.whl", hash = "sha256:d53039d39de65360e924b511c7ca1a67b0975c34c015dd468fca492b11caa8f7"},
    {file = "ujson-5.8.0-cp310-cp310-musllinux_1_1_aarch64.whl", hash = "sha256:bdf04c6af3852161be9613e458a1fb67327910391de8ffedb8332e60800147a2"},
    {file = "ujson-5.8.0-cp310-cp310-musllinux_1_1_i686.whl", hash = "sha256:a70f776bda2e5072a086c02792c7863ba5833d565189e09fabbd04c8b4c3abba"},
    {file = "ujson-5.8.0-cp310-cp310-musllinux_1_1_x86_64.whl", hash = "sha256:f26629ac531d712f93192c233a74888bc8b8212558bd7d04c349125f10199fcf"},
    {file = "ujson-5.8.0-cp310-cp310-win32.whl", hash = "sha256:7ecc33b107ae88405aebdb8d82c13d6944be2331ebb04399134c03171509371a"},
    {file = "ujson-5.8.0-cp310-cp310-win_amd64.whl", hash = "sha256:3b27a8da7a080add559a3b73ec9ebd52e82cc4419f7c6fb7266e62439a055ed0"},
    {file = "ujson-5.8.0-cp311-cp311-macosx_10_9_x86_64.whl", hash = "sha256:193349a998cd821483a25f5df30b44e8f495423840ee11b3b28df092ddfd0f7f"},
    {file = "ujson-5.8.0-cp311-cp311-macosx_11_0_arm64.whl", hash = "sha256:4ddeabbc78b2aed531f167d1e70387b151900bc856d61e9325fcdfefb2a51ad8"},
    {file = "ujson-5.8.0-cp311-cp311-manylinux_2_17_aarch64.manylinux2014_aarch64.whl", hash = "sha256:5ce24909a9c25062e60653073dd6d5e6ec9d6ad7ed6e0069450d5b673c854405"},
    {file = "ujson-5.8.0-cp311-cp311-manylinux_2_17_x86_64.manylinux2014_x86_64.whl", hash = "sha256:27a2a3c7620ebe43641e926a1062bc04e92dbe90d3501687957d71b4bdddaec4"},
    {file = "ujson-5.8.0-cp311-cp311-manylinux_2_5_i686.manylinux1_i686.manylinux_2_17_i686.manylinux2014_i686.whl", hash = "sha256:2b852bdf920fe9f84e2a2c210cc45f1b64f763b4f7d01468b33f7791698e455e"},
    {file = "ujson-5.8.0-cp311-cp311-musllinux_1_1_aarch64.whl", hash = "sha256:20768961a6a706170497129960762ded9c89fb1c10db2989c56956b162e2a8a3"},
    {file = "ujson-5.8.0-cp311-cp311-musllinux_1_1_i686.whl", hash = "sha256:e0147d41e9fb5cd174207c4a2895c5e24813204499fd0839951d4c8784a23bf5"},
    {file = "ujson-5.8.0-cp311-cp311-musllinux_1_1_x86_64.whl", hash = "sha256:e3673053b036fd161ae7a5a33358ccae6793ee89fd499000204676baafd7b3aa"},
    {file = "ujson-5.8.0-cp311-cp311-win32.whl", hash = "sha256:a89cf3cd8bf33a37600431b7024a7ccf499db25f9f0b332947fbc79043aad879"},
    {file = "ujson-5.8.0-cp311-cp311-win_amd64.whl", hash = "sha256:3659deec9ab9eb19e8646932bfe6fe22730757c4addbe9d7d5544e879dc1b721"},
    {file = "ujson-5.8.0-cp312-cp312-macosx_10_9_x86_64.whl", hash = "sha256:102bf31c56f59538cccdfec45649780ae00657e86247c07edac434cb14d5388c"},
    {file = "ujson-5.8.0-cp312-cp312-macosx_11_0_arm64.whl", hash = "sha256:299a312c3e85edee1178cb6453645217ba23b4e3186412677fa48e9a7f986de6"},
    {file = "ujson-5.8.0-cp312-cp312-manylinux_2_17_aarch64.manylinux2014_aarch64.whl", hash = "sha256:f2e385a7679b9088d7bc43a64811a7713cc7c33d032d020f757c54e7d41931ae"},
    {file = "ujson-5.8.0-cp312-cp312-manylinux_2_17_x86_64.manylinux2014_x86_64.whl", hash = "sha256:ad24ec130855d4430a682c7a60ca0bc158f8253ec81feed4073801f6b6cb681b"},
    {file = "ujson-5.8.0-cp312-cp312-manylinux_2_5_i686.manylinux1_i686.manylinux_2_17_i686.manylinux2014_i686.whl", hash = "sha256:16fde596d5e45bdf0d7de615346a102510ac8c405098e5595625015b0d4b5296"},
    {file = "ujson-5.8.0-cp312-cp312-musllinux_1_1_aarch64.whl", hash = "sha256:6d230d870d1ce03df915e694dcfa3f4e8714369cce2346686dbe0bc8e3f135e7"},
    {file = "ujson-5.8.0-cp312-cp312-musllinux_1_1_i686.whl", hash = "sha256:9571de0c53db5cbc265945e08f093f093af2c5a11e14772c72d8e37fceeedd08"},
    {file = "ujson-5.8.0-cp312-cp312-musllinux_1_1_x86_64.whl", hash = "sha256:7cba16b26efe774c096a5e822e4f27097b7c81ed6fb5264a2b3f5fd8784bab30"},
    {file = "ujson-5.8.0-cp312-cp312-win32.whl", hash = "sha256:48c7d373ff22366eecfa36a52b9b55b0ee5bd44c2b50e16084aa88b9de038916"},
    {file = "ujson-5.8.0-cp312-cp312-win_amd64.whl", hash = "sha256:5ac97b1e182d81cf395ded620528c59f4177eee024b4b39a50cdd7b720fdeec6"},
    {file = "ujson-5.8.0-cp38-cp38-macosx_10_9_x86_64.whl", hash = "sha256:2a64cc32bb4a436e5813b83f5aab0889927e5ea1788bf99b930fad853c5625cb"},
    {file = "ujson-5.8.0-cp38-cp38-macosx_11_0_arm64.whl", hash = "sha256:e54578fa8838ddc722539a752adfce9372474114f8c127bb316db5392d942f8b"},
    {file = "ujson-5.8.0-cp38-cp38-manylinux_2_17_aarch64.manylinux2014_aarch64.whl", hash = "sha256:9721cd112b5e4687cb4ade12a7b8af8b048d4991227ae8066d9c4b3a6642a582"},
    {file = "ujson-5.8.0-cp38-cp38-manylinux_2_17_x86_64.manylinux2014_x86_64.whl", hash = "sha256:9d9707e5aacf63fb919f6237d6490c4e0244c7f8d3dc2a0f84d7dec5db7cb54c"},
    {file = "ujson-5.8.0-cp38-cp38-manylinux_2_5_i686.manylinux1_i686.manylinux_2_17_i686.manylinux2014_i686.whl", hash = "sha256:0be81bae295f65a6896b0c9030b55a106fb2dec69ef877253a87bc7c9c5308f7"},
    {file = "ujson-5.8.0-cp38-cp38-musllinux_1_1_aarch64.whl", hash = "sha256:ae7f4725c344bf437e9b881019c558416fe84ad9c6b67426416c131ad577df67"},
    {file = "ujson-5.8.0-cp38-cp38-musllinux_1_1_i686.whl", hash = "sha256:9ab282d67ef3097105552bf151438b551cc4bedb3f24d80fada830f2e132aeb9"},
    {file = "ujson-5.8.0-cp38-cp38-musllinux_1_1_x86_64.whl", hash = "sha256:94c7bd9880fa33fcf7f6d7f4cc032e2371adee3c5dba2922b918987141d1bf07"},
    {file = "ujson-5.8.0-cp38-cp38-win32.whl", hash = "sha256:bf5737dbcfe0fa0ac8fa599eceafae86b376492c8f1e4b84e3adf765f03fb564"},
    {file = "ujson-5.8.0-cp38-cp38-win_amd64.whl", hash = "sha256:11da6bed916f9bfacf13f4fc6a9594abd62b2bb115acfb17a77b0f03bee4cfd5"},
    {file = "ujson-5.8.0-cp39-cp39-macosx_10_9_x86_64.whl", hash = "sha256:69b3104a2603bab510497ceabc186ba40fef38ec731c0ccaa662e01ff94a985c"},
    {file = "ujson-5.8.0-cp39-cp39-macosx_11_0_arm64.whl", hash = "sha256:9249fdefeb021e00b46025e77feed89cd91ffe9b3a49415239103fc1d5d9c29a"},
    {file = "ujson-5.8.0-cp39-cp39-manylinux_2_17_aarch64.manylinux2014_aarch64.whl", hash = "sha256:2873d196725a8193f56dde527b322c4bc79ed97cd60f1d087826ac3290cf9207"},
    {file = "ujson-5.8.0-cp39-cp39-manylinux_2_17_x86_64.manylinux2014_x86_64.whl", hash = "sha256:6a4dafa9010c366589f55afb0fd67084acd8added1a51251008f9ff2c3e44042"},
    {file = "ujson-5.8.0-cp39-cp39-manylinux_2_5_i686.manylinux1_i686.manylinux_2_17_i686.manylinux2014_i686.whl", hash = "sha256:7a42baa647a50fa8bed53d4e242be61023bd37b93577f27f90ffe521ac9dc7a3"},
    {file = "ujson-5.8.0-cp39-cp39-musllinux_1_1_aarch64.whl", hash = "sha256:f3554eaadffe416c6f543af442066afa6549edbc34fe6a7719818c3e72ebfe95"},
    {file = "ujson-5.8.0-cp39-cp39-musllinux_1_1_i686.whl", hash = "sha256:fb87decf38cc82bcdea1d7511e73629e651bdec3a43ab40985167ab8449b769c"},
    {file = "ujson-5.8.0-cp39-cp39-musllinux_1_1_x86_64.whl", hash = "sha256:407d60eb942c318482bbfb1e66be093308bb11617d41c613e33b4ce5be789adc"},
    {file = "ujson-5.8.0-cp39-cp39-win32.whl", hash = "sha256:0fe1b7edaf560ca6ab023f81cbeaf9946a240876a993b8c5a21a1c539171d903"},
    {file = "ujson-5.8.0-cp39-cp39-win_amd64.whl", hash = "sha256:3f9b63530a5392eb687baff3989d0fb5f45194ae5b1ca8276282fb647f8dcdb3"},
    {file = "ujson-5.8.0-pp38-pypy38_pp73-macosx_10_9_x86_64.whl", hash = "sha256:efeddf950fb15a832376c0c01d8d7713479fbeceaed1eaecb2665aa62c305aec"},
    {file = "ujson-5.8.0-pp38-pypy38_pp73-manylinux_2_17_aarch64.manylinux2014_aarch64.whl", hash = "sha256:7d8283ac5d03e65f488530c43d6610134309085b71db4f675e9cf5dff96a8282"},
    {file = "ujson-5.8.0-pp38-pypy38_pp73-manylinux_2_17_x86_64.manylinux2014_x86_64.whl", hash = "sha256:eb0142f6f10f57598655340a3b2c70ed4646cbe674191da195eb0985a9813b83"},
    {file = "ujson-5.8.0-pp38-pypy38_pp73-manylinux_2_5_i686.manylinux1_i686.manylinux_2_17_i686.manylinux2014_i686.whl", hash = "sha256:07d459aca895eb17eb463b00441986b021b9312c6c8cc1d06880925c7f51009c"},
    {file = "ujson-5.8.0-pp38-pypy38_pp73-win_amd64.whl", hash = "sha256:d524a8c15cfc863705991d70bbec998456a42c405c291d0f84a74ad7f35c5109"},
    {file = "ujson-5.8.0-pp39-pypy39_pp73-macosx_10_9_x86_64.whl", hash = "sha256:d6f84a7a175c75beecde53a624881ff618e9433045a69fcfb5e154b73cdaa377"},
    {file = "ujson-5.8.0-pp39-pypy39_pp73-manylinux_2_17_aarch64.manylinux2014_aarch64.whl", hash = "sha256:b748797131ac7b29826d1524db1cc366d2722ab7afacc2ce1287cdafccddbf1f"},
    {file = "ujson-5.8.0-pp39-pypy39_pp73-manylinux_2_17_x86_64.manylinux2014_x86_64.whl", hash = "sha256:2e72ba76313d48a1a3a42e7dc9d1db32ea93fac782ad8dde6f8b13e35c229130"},
    {file = "ujson-5.8.0-pp39-pypy39_pp73-manylinux_2_5_i686.manylinux1_i686.manylinux_2_17_i686.manylinux2014_i686.whl", hash = "sha256:f504117a39cb98abba4153bf0b46b4954cc5d62f6351a14660201500ba31fe7f"},
    {file = "ujson-5.8.0-pp39-pypy39_pp73-win_amd64.whl", hash = "sha256:a8c91b6f4bf23f274af9002b128d133b735141e867109487d17e344d38b87d94"},
    {file = "ujson-5.8.0.tar.gz", hash = "sha256:78e318def4ade898a461b3d92a79f9441e7e0e4d2ad5419abed4336d702c7425"},
]

[metadata]
lock-version = "2.0"
python-versions = "^3.11"
content-hash = "a826093b6eae8dcebdd126b02f1ed9c58949fa9c7fe1354f6f6ca16fe13630aa"
